# Reviewed runtime versions; PyPI wheel hashes for supported platforms.
annotated-doc==0.0.5 --hash=sha256:117bac03a25ede5df5440e855b32d556049ca169ead221505badf432fed4b101
annotated-types==0.8.0 --hash=sha256:f072f4d804ea359e4eaf198b1af7a8b0943881a87f31bb764f8bf219bb9419e0
anyio==4.15.1 --hash=sha256:6152fdbbf9a77fdec97731721bebf7c4c44f7c29b424b0065826173efc7ed101
click==8.5.0 --hash=sha256:255bc9599cf7748b4b1a446ccc735421bd08a2ae529a8b88597d3de5664ee360
colorama==0.4.6 --hash=sha256:4f1d9991f5acc0ca119f9d443620b77f9d6b33703e51011c16baf57afb285fc6
fastapi==0.142.2 --hash=sha256:bd5f4d81f1e93a88bcd77caf4dfe3c2dbffc3805407a0007e9a114c18b3a670b
h11==0.16.0 --hash=sha256:63cf8bbe7522de3bf65932fda1d9c2772064ffb3dae62d55932da54b31cb6c86
idna==3.20 --hash=sha256:ab7ae7122974553370f0bdb919e1a960b2cd1bc1ef0276416d896db81c14582c
opentelemetry-api==1.45.0 --hash=sha256:80e068aba7cd56c8b58512d6a36f8d25cb1dfaa0c0a4cc1c938ccf9f362d9cb3
psycopg==3.3.6 --hash=sha256:a1db9f7148b06a28606767efaca51fa6f9398c5c0a3810519be69d7000bdb631
psycopg-binary==3.3.6 --hash=sha256:05a83ac9fd52b9bca7cb5ab04b3691163170bd16f53defa27216ea3aa07ee781 --hash=sha256:0a52991594ac4db888c7d39bccef331797e30cb31a95cae02cf2607f83a42dc2 --hash=sha256:0bf08b749cc144f33b44a91b78e3f71c60eb07963746a0df5a100b36ce3d7475 --hash=sha256:0ebfad5d131de9f892ae9e70cc7616207768b6714b66a52d4612b8ceaf78b372 --hash=sha256:1679a1cb93fbe5a6d1fd58d82cbddcc6fcb8c61446ba7cae6eb2a7b19bc585de --hash=sha256:198a48e68cc99ccac03ba95ac857e73aa66f3bf6be77019fafb0832a05f7ad03 --hash=sha256:1fbd30e537dab22cafdf080608f10148fe2a5f3a61294ddb5113caac8a623840 --hash=sha256:289aadd6a00e151203c081f708348ec89f1e483c9b510ef4ac3981f847f01f79 --hash=sha256:2f122603f36050937982abf9668d8bc4769a79f7c93a65013b1c49f1cab7b56b --hash=sha256:303732e798fe6729f8e12021b9c96107df8e95ecec4dd487c67b98ec2a59435e --hash=sha256:31cd942c23f613276b81a6e6598cefa12960058b0f46e1e874b540c793f6aca5 --hash=sha256:366db6e97e66b37211475f20c4c1324a2dc0dd825e46d4e87f9d599304d276f9 --hash=sha256:373704aea331d3f3e3402c125a1543f5875e2986ebb54f97d1647942161f803f --hash=sha256:37d40450659401600e6d043ff586c89a71a69f33cbb8bcdba6cdb2569beecdbe --hash=sha256:37e517c146b185f9c0c6e8d0a0ebbdeeeb67896af28466e032bc810d0c7dc7a7 --hash=sha256:3af90f92769d8cc10f94515ee7a0aef36ea85ca733a0ce22858f6e0953f41138 --hash=sha256:3c9e663b2e800e3218994cf948c11bcc2844e6491b34aa80d089baf6531827bf --hash=sha256:3f84dab25e0385692ee13274c68678377e0b1a70ab9d14e56264cbf61f60c62d --hash=sha256:4690cf67738f0e0e49a32aeec99bf0e4595cc2b4f1af984a4345394b1dcff91a --hash=sha256:566dd827f17728efdf7d88a5b066f815170f6fdad13967ae952842d90e6aaa9f --hash=sha256:5927b7ba63153cd8e9862987290a2b783a5c590daf2a4ef981700cc3569166d4 --hash=sha256:5ad8f35e67cc16d1fad1fa8c88972dc9b3a3141ea67897399904edab96a301b6 --hash=sha256:5ea8beeb5541780b4b50b462eeacbc4f594ce3b911dc20c81c75f267876f71d2 --hash=sha256:5f598f19fa9a91540b5cee17932ffd227b7b53a481605bcc4573c0eafa647300 --hash=sha256:612382ac3ed13651c7fa44b5fee9fbf7baaa2ddbc6f500391672682c5f1df9e0 --hash=sha256:6ff05561e4a067d35507dc5c90f1deb2ec1c9703ac5cccc1bc26e08a197f9c5a --hash=sha256:7308c93cf0b19bbaf8e6ff0a6ad50d3c442385739245fe15a8d593bf841734a6 --hash=sha256:79a2a1c3449f6c3409427078ed1cec10de79f3023cb5f2504f0597d350ad46c7 --hash=sha256:7beb3e41c9a1e509f3ed85263386588cbe3e975aa67be21f79f44fd35ffaeefc --hash=sha256:86147cb5d140341c3363fb5bacce31f8d5543902a46699d3c536b101bbceaf9e --hash=sha256:889e42acec10450185e0cdfb396f375e2c1a8d7737c114830a7fde4654f59e30 --hash=sha256:910ace140e3e7b7596898d083f37a8fe90c5c40684252ad4e682364b2cd3deba --hash=sha256:955e3dd94da361e052d2e49acf591017158dc8f8ed2c8a42c2e3943403c39dc2 --hash=sha256:9892188bb15e5803beb51afe8a25add6b56be391a53058e8bca03b74e1e6bf22 --hash=sha256:98c02090d88f2ebc0ec1e8da538f77d225ce0fffecf372aa39262e62a1b054ef --hash=sha256:9b2f11794e017ce340934e35de46181c46ef71ec75ea3d85dd75cd836761c01e --hash=sha256:a2e44a342d2aee40508e28a563d8961c39d9bbd8cae36d8578f0a3c6658aab0f --hash=sha256:a4ee3bdd5468a725f2a4d9aab8a74b6d0279f768c8b5d3aeb102c5307ff3d59c --hash=sha256:a5165300324efd5a772c48a88ab3a928513ab3979fca76553e62ee815f7b2b9c --hash=sha256:a9348c5b43a3bb5ef8c2e89d5237c9c87eeafb01d338c84a7aebbc5cd0313299 --hash=sha256:aa73160077345ec21b3f51e8e24b3de2e99586217e497629326eb9b2ea88c52e --hash=sha256:ad1c785e784cfd87e8436c6b7702f2d321fc39601bbaf29bc63a41a867091638 --hash=sha256:b3f75dee0f9afafabe4edc52c4842f1e1878ed2069bd05b22d6fe961e97e4dba --hash=sha256:b599defe9190b17e9907c8b4d114c181e702c87efcd1b8a0ad40971cdcc4634a --hash=sha256:b82491019b884d62318b5f30706c3d7e6d4e5a6cb7eabcb3edc0c1b0fdaceae9 --hash=sha256:b8ece331509f7a975b90501f41e83ad905e4141753fedf3f2711b2bc70a8efbc --hash=sha256:b979a42815410432420275412633960807178b1ce26591a16ce06e78a5bd4bb2 --hash=sha256:be4f9b3c9338ac5dd217c5847e21521b396c8117f78dc420d495a5c49bbef874 --hash=sha256:bf8c8481d026b85dd70c5fa7dde85b2333aed0b32a2602bcd38a900cbd78a49c --hash=sha256:c61617eaae0112ca154da87ffb99b73af2c74067acac28dfb9a4455b019dff2e --hash=sha256:c6d19cb4999d03231e8730a5f66c8f5068bc3b532677eb39dab0f600bff3e312 --hash=sha256:c7753871eb57e6a5f4646f6168590c6653073dea5e9e720b201c8875332df4c8 --hash=sha256:c7f92daa0d2a1c76f07264abddf8cbabd30152a2f09c3270e50f0c7efdf5dcac --hash=sha256:cbd5f73073ed19c378d4c35499db1e3e703a5b1a324e521204065967bfaa7a18 --hash=sha256:cec5ea900390897d0b46130f60bc2883bf19c314f9044235217c8be88b0ef269 --hash=sha256:d636338c8f21b0df2f84657b00bc34f9313f826ef93f1155bc743607e4a0c5eb --hash=sha256:dc75da5a20951049f7b773145f998f69d181adad9c58a0ff36e0cf1d73c10e10 --hash=sha256:e23a66a763fbe83fcc210bc77c27e5a5ea380ebf091c06f34d8561b695e5a40f --hash=sha256:e8cbb54454dbf1bbf2ff08dd7693e8d94ac94b1a20f70f4b3b813d52ecb5cbc1 --hash=sha256:ee2c4728c691245e24501fcd7a97b5b381236b9985bc445bba88cdce7d1b5784 --hash=sha256:f0535693ce476a722b718b002d5d2c27d47e71ca945276ac194409c98e74c492 --hash=sha256:f19cc87343eaa55255e76b31259a570072ac95d6ae82c92dd34b97691f5e49dc --hash=sha256:f21d057f3e5f5491067e5b292498073b73847d48799b099803fef100775fcc52 --hash=sha256:f87dbdc42e78ee0f7ea180c03f8c78e80a949e373066629bd90fefff10552dff --hash=sha256:fa34eb47969297471db7b7f193622c7e3ee839ec05abd05f1fe104d5b1b1dcf4 --hash=sha256:fdccb3a0e184b03e9baa673b15a809cf36c339c85dbda0ebc25a698846dfbee8
pydantic==2.13.5 --hash=sha256:346a034f080da3755d8e9cb5e00e8b07de1d39e4f6e2c87d8ab7cafa0b269a73
pydantic-core==2.46.5 --hash=sha256:013d6f3483d81e02e7c328831808f336c8596ee33b4bd4026b9ffb1e960b8942 --hash=sha256:03b9666e41e35d8909852ba191a0607520f81b74eaf12ccf8737005dbb313821 --hash=sha256:045ab3b6d308439e32b81cc173bba5b9018bc6ed896afd0c65b3b009b1699af5 --hash=sha256:0bddb4020d8f04175865ccd17eff3040874fc11fb593f424edb452653b4b947c --hash=sha256:0cdbada856a1c69a7624a64d3d9aefe79300bd6ef827b43a4f265010b9b55184 --hash=sha256:0fc5be0abd4a407e200d844b404e33639a554e7bd0d448e7b9ae181be4789ac2 --hash=sha256:15f4a94963c95accac15b7b657bb177d3ad82bb90b0d0526d9a9b85079925db5 --hash=sha256:18a09e1e1011b462f2e32774f25859ef1223d5c2b0546a633cf56654710721e0 --hash=sha256:193375f3548919d3f0b60936ca113ada3e38f264f91b9b8e0508efaad57be931 --hash=sha256:1a353f84de772f423b5ffb11d7ae352fbbef0f446f3c0b0af0f8236d7233606e --hash=sha256:1e449def1945a462c464331254e5a44fca7c3b4f9aedf59ec2f50f8066dd8e25 --hash=sha256:1e5aad1220a1192c42341c8fd4a8686657e73ab2a920c970bdc4de334fe3193d --hash=sha256:200aa3dc9f8d54f0754f43247c0bad0999fdcfbfd2488384dd44f37279271fe6 --hash=sha256:2471fd51c61c610e1dcf7de44d7299283661654d11264ab4802b303368d69c47 --hash=sha256:24922243639cbdac66c75fcb6fd6495a9cb52b213d62f9a0d16f0310b1ff8038 --hash=sha256:28a6a556cd3b6066bea827857f9d9cce027c96f776e512f544a581f9e42161f8 --hash=sha256:2bc9419666990c06d7397831f2126a1ecc3594aaa3ff7de5bf2d066802f4e07b --hash=sha256:2cbd9a5eff05e51c447c34dfa4632145b26b09120cf04bd0c871e44c1a5e1c9a --hash=sha256:2d330aaba8621b1edcec8ae2c4050f63b84ccf6d98723a8f212e9684713abf0e --hash=sha256:2d5d76654becf5efd62c9e51c3756c67b49498b0c9a40884934c40807adbd074 --hash=sha256:337639ba62a11acde6ef3aeb08c8ea755f8ef1fe5e513356c0f36a2b0d7568b0 --hash=sha256:347ec774390c87326a2e4929d58d3f7e8763a104d5d35f4cd595a4c952366433 --hash=sha256:356c8368cbc321050b169595683a2e1d63413b1e0e2868b330af9fc14c616d3f --hash=sha256:37ae34309d7bd8c0d61ab839668058f2a7962ea1fc51d105d2db228fe0618034 --hash=sha256:37ea7b83c935e5b0d68c9449b82651accf78a10828b2c02b2f2d9e9496446c21 --hash=sha256:3a3e26b6a8274211bddee2d0e4d0d42778f17a34510f49d2ec44b58abfc41736 --hash=sha256:3aa166e99c4f2985407fb8714aebede877ecb5455cf321b606adca926d30d5a0 --hash=sha256:3d2652072b2d774947ba5cf78a9e59644ac62ee572daf6dd2e1dfe905e15b2b7 --hash=sha256:40375c2d05acec10323e45dfe2077ac44bc74659008614af5069034e2cfc781c --hash=sha256:413a717a410d0c817ef5b786a059415550b3794e1d0c2abffd9efb93a3d9f7b4 --hash=sha256:46c25dda9d092a06c08db76ffe0a197107904d0dfac653f7d5306bbcd6d6119c --hash=sha256:49776eab08766a08dfff7012f8b422dcd7e25e43b316eedf0477c24fcfa84b7c --hash=sha256:4d44cf99ddebf875f9b68cc267aa684c99b7b44fe63ee1cac4ec163807290069 --hash=sha256:4dedce55295becb61921e386b99d4f2706045306e7fa52249a33004c837379fb --hash=sha256:4f8507560a9284e1370bb048ed4282012fbef4e8d109875b95e884d228552061 --hash=sha256:4fdc8b93a41521988916eeaa271173fcca7fa0803d62f87675aac8dcec1c8e29 --hash=sha256:5086029a57366b8cf81b130a43908738095c270c21a8d7f0e8bdfdb89718e2f3 --hash=sha256:52e24eacdb536cade636aa90fb851835222becff8484b7001fdc78cb0290f2aa --hash=sha256:53feb344243bb9510a9dec7bf3cf1b64d88a98af5dc7872a5160465f8b198c8e --hash=sha256:545f26c504b27c3758439a5e6d9349931f0a04f855668d5fe323c89e82300a38 --hash=sha256:54d510bac3ee52247af28ed4bb18a1e799f040ac60fd2bf5ccd4c92f1fbe786f --hash=sha256:5cb482e9e84c851f4e623fe4acc1ced89168cf1fe18f7089db4548c8f5bbb65b --hash=sha256:5e81740c09e310f5aa5cbd3e434a01c154d4bef93241c7877b39f211d2b78ba8 --hash=sha256:5ee239d575f80b08eca11f6e20f90c4c695de7825c67eefe6091fbf20dda648e --hash=sha256:5f194189415698233dd1114a093a9b56e61e2c57e11b469be3b0506f46f0771c --hash=sha256:5f93c5fe914d75fbec9a49209b00da5f08e9e467d69da2b1510c81940cfd10be --hash=sha256:657b40d6240c0a7b6a64b30f22d1e3aa631c7e846c621b0c0f6d1d75e2e15ea6 --hash=sha256:6d30e1a4f138b8951063e9a394752a9179b51da288ffa507b1e659222f4c1793 --hash=sha256:6f7b393a8b3da82f5c1fc0751e6d01ac6c55b93c18226a60bdfba4a724efafd1 --hash=sha256:701b2e04b560eeb4bddf7a25ab8ca476176e34fdbd9a0e18196f0d12d4685f0b --hash=sha256:771cf63ae0b1b50dd22e5f3e3549fab5f3f4ff1635d352a9e1a97fe01c7b2e64 --hash=sha256:79bdfa52f843137045b2d081cc05c120ba6665d29b7559c2c47690906f39279f --hash=sha256:7ac031912d54f3d83ef3b3eb98dfabc1608802e2202263d25957eeed40b94761 --hash=sha256:7b0fc826b16c55e561e5d2a0c5c77b051ba1d92808118c4e4b5390f5e0cf191d --hash=sha256:7c6be839a5a8312626b32029a415644a0846b420bc8b52b95b28cd92da162168 --hash=sha256:816ff0a6550ffc06c098ccd2e0698600f9aa7da192a79eaa6f9af504a35db869 --hash=sha256:82a36973cf8a2ef5406f4fe2edbf8ed0c99629535d959e0b100c76a32535a111 --hash=sha256:837b396ca3d7b74091ca623f6cbd8351bd42d670a79c2683e79fb089f06a2de5 --hash=sha256:850a08d167dde16db8702c274f320c7be9d7da6f6dff2b58b18f9e815bd94f5b --hash=sha256:8816f3d218beb4b787de5c9759c259b8fa61f9dec42dc7811f320a33771778b7 --hash=sha256:892a881d5f68c2b9ea304b7a6c2c60d9343df578a311b0f86b94bc8f1ffe8129 --hash=sha256:895395f8918627b04efb1ad2a4cf605387143300ba03304cd1dfa6d03f5e095e --hash=sha256:8b10e3e8fd7ddc2bd915848a2768e44c15b22936f1cc54c462ad1164deb02655 --hash=sha256:8e24d8f05fa2d28513d94e877e9c75ad66175376209b3977f916e240e623193c --hash=sha256:8feeac04b5794e513e710af2f9c87d49f31a6dc47967bb264a1fed61a8989bec --hash=sha256:9432f3598db432cb51c5b37fdbf29a60fcccc79e30d37a05022776a6bc4ab689 --hash=sha256:976e1128455aa595ea04c79ccfedff1aaeab96ee013fcc916bed120c4f0ad94f --hash=sha256:978e7b97d4824b5be09c69fb70507cbde3b0323fc147332ca40a94d9a6a0ebbf --hash=sha256:97bf8de4d541598c94a59344eeb988a94c08ff76b5723c41f6567ec18c7892ea --hash=sha256:97cf3eb53a8cccacf9d46686a0926186c9bfb5574f2ed66d3639d5fe117cd3a9 --hash=sha256:9b68938dd5b0c783d88ff8e2dcc69451b5eb936fe212d516b21b9d5567f6d464 --hash=sha256:9c4b71f10dd532fb7a5cbc8f58707779e64f03a258c2bf8bfbaecfcd9970b519 --hash=sha256:9f47b8a949e60f027f0aa0a6f6c7b7e9c55cbf4380d10b344e282fa4e7ab1e1b --hash=sha256:a1dee1b804ff4d11c663636cf15d2ea47e9f79cd56c033fb1cbf08924842a48f --hash=sha256:a2468d93d181667a7abd66e1b64bb9f76f361b0fef8faddf687456453576f5ee --hash=sha256:a2a5e1d0ff29adddc9f6d6821a66302e4493f8ca898b715b6b1182c2c201ea0a --hash=sha256:a39ac25a9a2fa4072efdb429833c4a4c8009a51ff9eea3eeae131713cd27991e --hash=sha256:a445486499897b88a7d6c310c88ed64dd37b1b59bfd7ae9107490bbb362f47d6 --hash=sha256:a91c17edf6eea2402cb5457b4c89e99bc5ed1004aa34c4adf1d4258c1a5c22c2 --hash=sha256:ab4b66edffb32d9e951efb3814bd104b8367a7501b81b955cacb5726d897389f --hash=sha256:aca6c767f552b21b10f774aeac128e828eafb796adfa1b666a18bf6321453c3a --hash=sha256:acf8a67ba51f4ca9ddbd0e6b3000a65ac51ab734661778b3e7ba64d99a710f2f --hash=sha256:b10ec717381bdbfafef34607824db4c91de69ff085e4fca3b2af91b4fa17e68a --hash=sha256:b49924c73a235e969511bf2aabdff3beebf9820931f646c80274d5d780010c47 --hash=sha256:b6acfb46a814762367fb7ba0828b0a17d441b92ce249a0e007474c9072662dda --hash=sha256:b7ca9034437b6022f941f4857459562ee00a560b97e7cce8a0ec5a74fc6766e0 --hash=sha256:b98134087d9de723658d17a42c7d0da8d6e2ef08015dee7dc93889047315f5e4 --hash=sha256:b9fe6fb92520e3fd61f2e49000b6911b188824f089b75973ea06d6267f0b476d --hash=sha256:bce57638e08ac148e5778cce7feb968307a727d66f8e2274a543d0cf0c9ad6a3 --hash=sha256:c14ad3bdc85ee7f318742c457ca3968a92126d144b15721c759033bfb06296c2 --hash=sha256:c1c43ad4339643d70ebb8124e1305a7dab423001eff58bb41a0f731adbc98355 --hash=sha256:c3471e5c4a949c26ec00a77f01df59096aa9495877de76fd60a980f8ee6be461 --hash=sha256:c583b927a8838dab890706a6fa7573fbb8b70e24000ef9f7238e2d6f6435a5ed --hash=sha256:c76fe65e607be28c7fd4d56fc3c42b1583aa058ce3408b7ad0fd540171d31f9f --hash=sha256:c7ea57fc63aa7da93a1bd2d644e6577befae10c52c4e36377635eea1056a74f5 --hash=sha256:cd5214352ae68f3b5e9af7768bdc5253695ee069675db3480518420b3be881f2 --hash=sha256:cdbb78909f52b981d3b2d56b97328d71eb0b974c36bd77c920123a7ebb192829 --hash=sha256:cdc8b74ecc48c0cb1e9607a05ec4e9e88db60a19ffcc9a1d5f9088ede40c8dc0 --hash=sha256:d0a24b40877af2de4950252be9d21eaf7fb07660f3c2cae1f56c6b599ada5266 --hash=sha256:d22a945598fb91236b4dd793a6e42e4f3dd7740bb5aace5ebd7d4c08d13bb575 --hash=sha256:d2f9fc07a8042a8f95925b35c4f04f469707c981fc33245b6ca187cf5d2dd290 --hash=sha256:d625a186a65201c23a9e3b8ed9c47e90a026e03256608cc91851c6709096844f --hash=sha256:d925f3d9afd05a8c0fb3a1031463a8d59ebe5e2afad297e29c78be19e13b4e62 --hash=sha256:e64e88d5585bea9ce95861079de72006c7fa6d3df4e3a3b65ba31eb979c15c9f --hash=sha256:e652ab17569c94bff5475520f907b7148b8c24036a8ebbe5cf7cf7493d28579a --hash=sha256:e7b891faeedeafba41b2983e5001a81b6a915b69544c7e7570d1989ce1c36ac7 --hash=sha256:e80675d75ae2cd14372cb65cad5400d9347a3d3f6c13000183f22dfd027283ed --hash=sha256:e9c134bb666dd54b778b9fc0d2b50cbb7f979b9e3716f26a88c9ab3b6fc1dd0f --hash=sha256:eb7d8d0e5886a89a55d2eef490e272fa965a9d57c6b29a5b5088a7997ec2cad1 --hash=sha256:ecb42011e12ee19cafbc312887cbf3546959fe02fbad44f272d4be5baa997615 --hash=sha256:ef3fbbf161dc9351a2fe0422e51b129f9e97e42385bd0320b309c15f7d287dd8 --hash=sha256:efd62a42486f1bda5d24cb4f63d15a3c7768375fe83d36f9417b4ad7a2fb20b3 --hash=sha256:f077d0b97ab11fa7dcc633fca53515f290bca8a8a633e966d5b6d1879d9ed01a --hash=sha256:f332f0e72a5a0400141f830744e141bf9f97917878dbe968669e8a7fefea78ff --hash=sha256:f7b0ec93a2893de856652154d73b7ba622f26fa97726487dcac373de5f4c6084 --hash=sha256:fa10ef4112775900e7a0661068635eb67b2ab824fbde764de6e0e21982a93db0 --hash=sha256:fc5d783bd4a2387e97b8a2d5ec781cfb92b3d893bf82370548e99db5915935d3 --hash=sha256:fc8515076c11f3cfdf4fb142dcca0fe384b1230a3b5415458ac84f3e0903ec13 --hash=sha256:ff218293c9c806138dca139765e3b067621be52bcd93cdc14c7711be7ddc90a9
python-multipart==0.0.32 --hash=sha256:ff6d3f776f16878c894e52e107296ffc890e913c611b1a4ec6c44e2821fe2e23
sqlalchemy==2.1.1 --hash=sha256:0220e0d1d1ad2391a03cd6713ca5d795419033cc40baa1233f9ad454dffa25e6 --hash=sha256:054a2c2b6cbe3ca7cb88aba9c5e2ecdbfc43656bea22326a41d09e5398c86ec4 --hash=sha256:0593ed87886c44e94dfac4b22d20ed88b19a7dacd7440177d7156f9b011e4376 --hash=sha256:092a743f28f3a660321e9b093144b6a5b16f08dbb9b2f52466b47a2a128475c2 --hash=sha256:0b91e020ba33c0cb9842be6eb7de32dfebd9ad1e8f9a660a0fdb567fd0aeaed1 --hash=sha256:0f94929be35def6580cf161f20c71930d9364d62f7040b6aed02b13fd3ca09e6 --hash=sha256:0fad3dc37851b096ef72538b18152a5c1ae9c8b2013cd89f51eca83fc6eba36b --hash=sha256:1477f2f1f531697753a729dd8f3e4e98f7019086f001fdc4d50350c929871c8c --hash=sha256:18148691d761ef20a92cfc7dced305834e2c6ab4f4f3648f66f5d4028e234089 --hash=sha256:1abf1acecd4d0fc34d4ab7e9cda9e849ce95b647e1a5f76db7d2a5a0bea4e1e5 --hash=sha256:1ef7bc38d140b3cf08cc6e8823b8e76da2e188b5594997e2c16586c9778af472 --hash=sha256:28b882509319789d52966d70164ccfc5bc1aaffc1c7f98a79bbccec13346ebd7 --hash=sha256:2f0bb0502de28baed425278d4bd98658d8256419fd9ad6ca964138710f933aa0 --hash=sha256:3353333f8c25fc5e0661f54630238a17b0d6600305e224400cd4642cce4af34f --hash=sha256:359e2411cf4713b4b323b3c2558a07663a19ab82a5d7b23c601e1be5432aac0c --hash=sha256:389e7098e9ae15094f222496de98b0fd211c06b896c73c6e46aa9ca5b6fcd590 --hash=sha256:3ac9781474e4b6c3e184487643d47408666be794d5782165a817da63f981f89a --hash=sha256:4357c1a222e141662251a59d3702f9b124294941171dfa6bd570513e9f4905ee --hash=sha256:44dff425e7d88b04497b4317478a6af2a694327a087e6f1670a4266180838269 --hash=sha256:4789593e8979d7c946da1985a560200b6ef6c3dc6dcc5442985d62c6f2908875 --hash=sha256:481d926922d9bff632955ed6f07e2b87066b0d1069eb67cbc8c35e27f7fe5e1e --hash=sha256:5516bdaacf5521b7de69a5c76961fde2cdc4edcb39730eccff16246a44cb8715 --hash=sha256:558d6d7d6eec0e54ed212320a587bb7f30553550396226d8488803c93757f17b --hash=sha256:57ae70935cd382cd41d84757e802687f7c5e7411aecf2b962b7bdb6ea74e088c --hash=sha256:583038541d9246dbb05fc4ab73038dc61820983c12fa5e32a3b0d903e1ba7bba --hash=sha256:597e1edf9cbe6ce63974813000c02c7a44da3d21f1da47f07174732ba188e8ae --hash=sha256:61333b2f806f64a08a1edf0b0e4271905f73c1f7e525c23da7a491f74c109835 --hash=sha256:63c0291bf0f721543db3719c71f2d5ad6649f12abbcbc8324d42805dac112cbc --hash=sha256:6a261e2244fa88e6eded95a078550c0584da55db22d49b0b2db8c075788282fb --hash=sha256:6a7ff6a02a102e0575d237172e90adc96466e6ab6511eae7fd43775e6ab19db2 --hash=sha256:73743f135b489d3551eeb3cbbb3756d6cc41bb68e033d2b7b2b620b11c6c9d12 --hash=sha256:73b0f7cb41a3df79dc0427377a9e2a099eb15995a327120d651f21309faa662a --hash=sha256:758d52653c8902baac25269c5b7c6fca4a198e066f2212fd2ed1b98174fd7bbb --hash=sha256:7c60fb6793cf60b2733012352f0e1861c38b24727d0e37a1da1f3974eb79f0ed --hash=sha256:7ed18c0747eec4a0d8d9abe4c89d96ec0eda97721ab7d3a31d0c1ebcbf38cd2e --hash=sha256:7f15820c84b2377bcf02cf754232690ac2ad90d425978bf1e5ba30cc04f94d55 --hash=sha256:842a5c00ca9719cc26fba6f401f70e4bac19dc8cc4dc36350803a03954d6aea2 --hash=sha256:87d45175e8ba4a1ee027ad9307e6a4bf8a242469415f12afc9477def739474b0 --hash=sha256:88cb0a27ee9571fe339d7809a40b14ff2387ea05d02629a390a03c87cc981277 --hash=sha256:8a3126c1203cdfc0f00884f9e8dbe95307b813f883ee9d9691983a563ebc96f8 --hash=sha256:8b0660ded5f9c090f9bf49fba78d52843ff3ca8c10f71624811f42f11655762d --hash=sha256:8d846615b89702ef5d0809e701ff5f3816b88dd02670c777adc456f6d81ef3ef --hash=sha256:9324681cf8d8e9c7f6e507fea6a8ac2215fee253340d4399645216a08b936660 --hash=sha256:9dcedb4b1ad160a1297772162f9a15fc317627b76ac7c98d12c41ce38522d8ef --hash=sha256:a0421f9eedad616b04a097ae3f155c5a0a31380364369861fd6e0f46074c3fce --hash=sha256:a74c46cd93e34b912adafab98aa71c862518451a019d97f9c2f37392fc8eea3f --hash=sha256:abd893deac6b0765f51d87129c5631cc5bc8f784f8bf22a9d3903695c764bccc --hash=sha256:af189bd861bd31a84f0ba244d6db0c8aeae9e56448c9001bf02ee6a93758b39e --hash=sha256:b04365ffe57cdeaf4d0f75630332d857dde3f91336bc4bdec76c810473c9c35e --hash=sha256:b2a036e3c8b183f9c31df7611e03a4bd160e055915772bb8c13ec382da8f3571 --hash=sha256:b357598df0676accd1ccfb6bbc5db53dbfb499052d2d1677adf4ce14a7180664 --hash=sha256:b76d8fddf080c53f2afdea6e7149721e7b980086a2f17a9b0bdb42571a92c285 --hash=sha256:c19633f7614e1af93192f89debfa5bfbfaed93c80dd8903417d1605d019958dc --hash=sha256:cf88881d593f527860fa7c63a50095496a5fa15632b1fee58e3114353f7fbc22 --hash=sha256:d111318e32b4452d85b491d2ba3f39f6be2736ff858da616f0e6627bb3810145 --hash=sha256:dabf6a73f2cc1fa2155b29f2a8a85afd82d8613262e6054cc3c932f5dee5d474 --hash=sha256:dee7886f4725c304641929a38d1ebe163f9fb45a5c9363f34bbb85bfdcb084c5 --hash=sha256:e08c92feb447b60e352c3581cc8a03119e36917b79362af62fd1a289c4d8e27b --hash=sha256:e1986faa95fd7b206e5bdd1af7f4ba9ac10f1166225fb2eca0fbca04e3851f7d --hash=sha256:e20233c7d000c006a03f3734d8e7a6e63aa878fcd3482c1f412c864a0992e5a0 --hash=sha256:e37b1fe2e080bf47f3b693dfbec9aa39d3c3d52bfac3b4fef290a449570bcf3f --hash=sha256:e5274d07ae1dc5dc0e452ec24bdc97cf76ba189cab3f0c1c0386a1523240f775 --hash=sha256:ea049f3e2702967414bc79f58a484dab191359267726607e6c1579a09ef93788 --hash=sha256:eb2095d39baecbf8b78ea202d3d21178cc8d73e52c3b450c82feb200d5b0d1a9 --hash=sha256:ee446c07db92e94af30e1390ef7d65c1172756403f743fb7d8b4fc5f377cd427 --hash=sha256:eef01acb10295adfac8a960f716687052fe16f14a3f5955b56c24eefa9df7851 --hash=sha256:f083b4b6a6d0061b0f9ffec0ea9ded82700a6bd11ced32ccb42f855f7806f812 --hash=sha256:f2c1c27a41d1a26db380b3bad45f822d979c9608108c32ee613a418ec454ecbf --hash=sha256:f90e517b2eb9c4c40fcc978c8c242789fa6cb0064c501fd8c1515145ed5fe23d --hash=sha256:fb1f36ca818146b0e844dbde6dced65805d4ee06ce6282aa46a807f9a6619ede --hash=sha256:fdef70d59afce463bedef54580ba6a832f9f2313c1d0054e15cbb4ff46f37a97
starlette==1.7.0 --hash=sha256:67f8e99895493dd2911a03f11314af6ceebeae4e704bb9f43dfc6a9db151c93e
typing-extensions==4.16.0 --hash=sha256:481caa481374e813c1b176ada14e97f1f67a4539ce9cfeb3f350d78d6370c2e8
typing-inspection==0.4.4 --hash=sha256:65b8397ba37ccbce054456aaccddfc91e6e3083c92824df348d96ca832f3f147
tzdata==2026.2 --hash=sha256:bbe9af844f658da81a5f95019480da3a89415801f6cc966806612cc7169bffe7
uvicorn==0.54.0 --hash=sha256:505bdb0f318731d45f1f712071fc781a8981f6847a31c902c9f5e652d4f67faf
xlrd==2.0.2 --hash=sha256:ea762c3d29f4cca48d82df517b6d89fbce4db3107f9d78713e48cd321d5c9aa9
xlwt==1.3.0 --hash=sha256:a082260524678ba48a297d922cc385f58278b8aa68741596a87de01a9c628b2e
